// !$*UTF8*$!
{
	archiveVersion = 1;
	classes = {
	};
	objectVersion = 56;
	objects = {

/* Begin PBXBuildFile section */
		373C5D092C00C40C0084DAA4 /* JSONService in Frameworks */ = {isa = PBXBuildFile; productRef = 373C5D082C00C40C0084DAA4 /* JSONService */; };
		373C5D0B2C00C4100084DAA4 /* LotteriesDomain in Frameworks */ = {isa = PBXBuildFile; productRef = 373C5D0A2C00C4100084DAA4 /* LotteriesDomain */; };
		373CBC9B2C00C8A5005D24A2 /* AppCoordinator.swift in Sources */ = {isa = PBXBuildFile; fileRef = 373CBC9A2C00C8A5005D24A2 /* AppCoordinator.swift */; };
		373CBC9D2C00C9F9005D24A2 /* Coordinator.swift in Sources */ = {isa = PBXBuildFile; fileRef = 373CBC9C2C00C9F9005D24A2 /* Coordinator.swift */; };
		37E2C34F2BFF9F57005C7A88 /* LotteryApp.swift in Sources */ = {isa = PBXBuildFile; fileRef = 37E2C34E2BFF9F57005C7A88 /* LotteryApp.swift */; };
		37E2C3512BFF9F57005C7A88 /* ContentView.swift in Sources */ = {isa = PBXBuildFile; fileRef = 37E2C3502BFF9F57005C7A88 /* ContentView.swift */; };
		37E2C3532BFF9F57005C7A88 /* Assets.xcassets in Resources */ = {isa = PBXBuildFile; fileRef = 37E2C3522BFF9F57005C7A88 /* Assets.xcassets */; };
		37E2C3562BFF9F57005C7A88 /* Preview Assets.xcassets in Resources */ = {isa = PBXBuildFile; fileRef = 37E2C3552BFF9F57005C7A88 /* Preview Assets.xcassets */; };
		37E2C3602BFF9F58005C7A88 /* LotteryTests.swift in Sources */ = {isa = PBXBuildFile; fileRef = 37E2C35F2BFF9F58005C7A88 /* LotteryTests.swift */; };
/* End PBXBuildFile section */

/* Begin PBXContainerItemProxy section */
		37E2C35C2BFF9F58005C7A88 /* PBXContainerItemProxy */ = {
			isa = PBXContainerItemProxy;
			containerPortal = 37E2C3432BFF9F57005C7A88 /* Project object */;
			proxyType = 1;
			remoteGlobalIDString = 37E2C34A2BFF9F57005C7A88;
			remoteInfo = Lottery;
		};
		37E2C3662BFF9F58005C7A88 /* PBXContainerItemProxy */ = {
			isa = PBXContainerItemProxy;
			containerPortal = 37E2C3432BFF9F57005C7A88 /* Project object */;
			proxyType = 1;
			remoteGlobalIDString = 37E2C34A2BFF9F57005C7A88;
			remoteInfo = Lottery;
		};
/* End PBXContainerItemProxy section */

/* Begin PBXFileReference section */
		373C5D072C00C10F0084DAA4 /* Domain */ = {isa = PBXFileReference; lastKnownFileType = wrapper; path = Domain; sourceTree = "<group>"; };
		373CBC9A2C00C8A5005D24A2 /* AppCoordinator.swift */ = {isa = PBXFileReference; lastKnownFileType = sourcecode.swift; path = AppCoordinator.swift; sourceTree = "<group>"; };
		373CBC9C2C00C9F9005D24A2 /* Coordinator.swift */ = {isa = PBXFileReference; lastKnownFileType = sourcecode.swift; path = Coordinator.swift; sourceTree = "<group>"; };
		37E2C34B2BFF9F57005C7A88 /* Lottery.app */ = {isa = PBXFileReference; explicitFileType = wrapper.application; includeInIndex = 0; path = Lottery.app; sourceTree = BUILT_PRODUCTS_DIR; };
		37E2C34E2BFF9F57005C7A88 /* LotteryApp.swift */ = {isa = PBXFileReference; lastKnownFileType = sourcecode.swift; path = LotteryApp.swift; sourceTree = "<group>"; };
		37E2C3502BFF9F57005C7A88 /* ContentView.swift */ = {isa = PBXFileReference; lastKnownFileType = sourcecode.swift; path = ContentView.swift; sourceTree = "<group>"; };
		37E2C3522BFF9F57005C7A88 /* Assets.xcassets */ = {isa = PBXFileReference; lastKnownFileType = folder.assetcatalog; path = Assets.xcassets; sourceTree = "<group>"; };
		37E2C3552BFF9F57005C7A88 /* Preview Assets.xcassets */ = {isa = PBXFileReference; lastKnownFileType = folder.assetcatalog; path = "Preview Assets.xcassets"; sourceTree = "<group>"; };
		37E2C35B2BFF9F58005C7A88 /* LotteryTests.xctest */ = {isa = PBXFileReference; explicitFileType = wrapper.cfbundle; includeInIndex = 0; path = LotteryTests.xctest; sourceTree = BUILT_PRODUCTS_DIR; };
		37E2C35F2BFF9F58005C7A88 /* LotteryTests.swift */ = {isa = PBXFileReference; lastKnownFileType = sourcecode.swift; path = LotteryTests.swift; sourceTree = "<group>"; };
		37E2C3652BFF9F58005C7A88 /* LotteryUITests.xctest */ = {isa = PBXFileReference; explicitFileType = wrapper.cfbundle; includeInIndex = 0; path = LotteryUITests.xctest; sourceTree = BUILT_PRODUCTS_DIR; };
		37E2C3792BFFA1CD005C7A88 /* Core */ = {isa = PBXFileReference; lastKnownFileType = wrapper; path = Core; sourceTree = "<group>"; };
/* End PBXFileReference section */

/* Begin PBXFrameworksBuildPhase section */
		37E2C3482BFF9F57005C7A88 /* Frameworks */ = {
			isa = PBXFrameworksBuildPhase;
			buildActionMask = 2147483647;
			files = (
				373C5D0B2C00C4100084DAA4 /* LotteriesDomain in Frameworks */,
				373C5D092C00C40C0084DAA4 /* JSONService in Frameworks */,
			);
			runOnlyForDeploymentPostprocessing = 0;
		};
		37E2C3582BFF9F58005C7A88 /* Frameworks */ = {
			isa = PBXFrameworksBuildPhase;
			buildActionMask = 2147483647;
			files = (
			);
			runOnlyForDeploymentPostprocessing = 0;
		};
		37E2C3622BFF9F58005C7A88 /* Frameworks */ = {
			isa = PBXFrameworksBuildPhase;
			buildActionMask = 2147483647;
			files = (
			);
			runOnlyForDeploymentPostprocessing = 0;
		};
/* End PBXFrameworksBuildPhase section */

/* Begin PBXGroup section */
		373CBC992C00C897005D24A2 /* Navigation */ = {
			isa = PBXGroup;
			children = (
				373CBC9A2C00C8A5005D24A2 /* AppCoordinator.swift */,
				373CBC9C2C00C9F9005D24A2 /* Coordinator.swift */,
			);
			path = Navigation;
			sourceTree = "<group>";
		};
		37E2C3422BFF9F57005C7A88 = {
			isa = PBXGroup;
			children = (
				373C5D072C00C10F0084DAA4 /* Domain */,
				37E2C3792BFFA1CD005C7A88 /* Core */,
				37E2C34D2BFF9F57005C7A88 /* Lottery */,
				37E2C35E2BFF9F58005C7A88 /* LotteryTests */,
				37E2C34C2BFF9F57005C7A88 /* Products */,
				37E2C37A2BFFA1F1005C7A88 /* Frameworks */,
			);
			sourceTree = "<group>";
		};
		37E2C34C2BFF9F57005C7A88 /* Products */ = {
			isa = PBXGroup;
			children = (
				37E2C34B2BFF9F57005C7A88 /* Lottery.app */,
				37E2C35B2BFF9F58005C7A88 /* LotteryTests.xctest */,
				37E2C3652BFF9F58005C7A88 /* LotteryUITests.xctest */,
			);
			name = Products;
			sourceTree = "<group>";
		};
		37E2C34D2BFF9F57005C7A88 /* Lottery */ = {
			isa = PBXGroup;
			children = (
				373CBC992C00C897005D24A2 /* Navigation */,
				37E2C34E2BFF9F57005C7A88 /* LotteryApp.swift */,
				37E2C3502BFF9F57005C7A88 /* ContentView.swift */,
				37E2C3522BFF9F57005C7A88 /* Assets.xcassets */,
				37E2C3542BFF9F57005C7A88 /* Preview Content */,
			);
			path = Lottery;
			sourceTree = "<group>";
		};
		37E2C3542BFF9F57005C7A88 /* Preview Content */ = {
			isa = PBXGroup;
			children = (
				37E2C3552BFF9F57005C7A88 /* Preview Assets.xcassets */,
			);
			path = "Preview Content";
			sourceTree = "<group>";
		};
		37E2C35E2BFF9F58005C7A88 /* LotteryTests */ = {
			isa = PBXGroup;
			children = (
				37E2C35F2BFF9F58005C7A88 /* LotteryTests.swift */,
			);
			path = LotteryTests;
			sourceTree = "<group>";
		};
		37E2C37A2BFFA1F1005C7A88 /* Frameworks */ = {
			isa = PBXGroup;
			children = (
			);
			name = Frameworks;
			sourceTree = "<group>";
		};
/* End PBXGroup section */

/* Begin PBXNativeTarget section */
		37E2C34A2BFF9F57005C7A88 /* Lottery */ = {
			isa = PBXNativeTarget;
			buildConfigurationList = 37E2C36F2BFF9F58005C7A88 /* Build configuration list for PBXNativeTarget "Lottery" */;
			buildPhases = (
				37E2C3472BFF9F57005C7A88 /* Sources */,
				37E2C3482BFF9F57005C7A88 /* Frameworks */,
				37E2C3492BFF9F57005C7A88 /* Resources */,
			);
			buildRules = (
			);
			dependencies = (
			);
			name = Lottery;
			packageProductDependencies = (
				373C5D082C00C40C0084DAA4 /* JSONService */,
				373C5D0A2C00C4100084DAA4 /* LotteriesDomain */,
			);
			productName = Lottery;
			productReference = 37E2C34B2BFF9F57005C7A88 /* Lottery.app */;
			productType = "com.apple.product-type.application";
		};
		37E2C35A2BFF9F58005C7A88 /* LotteryTests */ = {
			isa = PBXNativeTarget;
			buildConfigurationList = 37E2C3722BFF9F58005C7A88 /* Build configuration list for PBXNativeTarget "LotteryTests" */;
			buildPhases = (
				37E2C3572BFF9F58005C7A88 /* Sources */,
				37E2C3582BFF9F58005C7A88 /* Frameworks */,
				37E2C3592BFF9F58005C7A88 /* Resources */,
			);
			buildRules = (
			);
			dependencies = (
				37E2C35D2BFF9F58005C7A88 /* PBXTargetDependency */,
			);
			name = LotteryTests;
			productName = LotteryTests;
			productReference = 37E2C35B2BFF9F58005C7A88 /* LotteryTests.xctest */;
			productType = "com.apple.product-type.bundle.unit-test";
		};
		37E2C3642BFF9F58005C7A88 /* LotteryUITests */ = {
			isa = PBXNativeTarget;
			buildConfigurationList = 37E2C3752BFF9F58005C7A88 /* Build configuration list for PBXNativeTarget "LotteryUITests" */;
			buildPhases = (
				37E2C3612BFF9F58005C7A88 /* Sources */,
				37E2C3622BFF9F58005C7A88 /* Frameworks */,
				37E2C3632BFF9F58005C7A88 /* Resources */,
			);
			buildRules = (
			);
			dependencies = (
				37E2C3672BFF9F58005C7A88 /* PBXTargetDependency */,
			);
			name = LotteryUITests;
			productName = LotteryUITests;
			productReference = 37E2C3652BFF9F58005C7A88 /* LotteryUITests.xctest */;
			productType = "com.apple.product-type.bundle.ui-testing";
		};
/* End PBXNativeTarget section */

/* Begin PBXProject section */
		37E2C3432BFF9F57005C7A88 /* Project object */ = {
			isa = PBXProject;
			attributes = {
				BuildIndependentTargetsInParallel = 1;
				LastSwiftUpdateCheck = 1520;
				LastUpgradeCheck = 1520;
				TargetAttributes = {
					37E2C34A2BFF9F57005C7A88 = {
						CreatedOnToolsVersion = 15.2;
					};
					37E2C35A2BFF9F58005C7A88 = {
						CreatedOnToolsVersion = 15.2;
						TestTargetID = 37E2C34A2BFF9F57005C7A88;
					};
					37E2C3642BFF9F58005C7A88 = {
						CreatedOnToolsVersion = 15.2;
						TestTargetID = 37E2C34A2BFF9F57005C7A88;
					};
				};
			};
			buildConfigurationList = 37E2C3462BFF9F57005C7A88 /* Build configuration list for PBXProject "Lottery" */;
			compatibilityVersion = "Xcode 14.0";
			developmentRegion = en;
			hasScannedForEncodings = 0;
			knownRegions = (
				en,
				Base,
			);
			mainGroup = 37E2C3422BFF9F57005C7A88;
			productRefGroup = 37E2C34C2BFF9F57005C7A88 /* Products */;
			projectDirPath = "";
			projectRoot = "";
			targets = (
				37E2C34A2BFF9F57005C7A88 /* Lottery */,
				37E2C35A2BFF9F58005C7A88 /* LotteryTests */,
				37E2C3642BFF9F58005C7A88 /* LotteryUITests */,
			);
		};
/* End PBXProject section */

/* Begin PBXResourcesBuildPhase section */
		37E2C3492BFF9F57005C7A88 /* Resources */ = {
			isa = PBXResourcesBuildPhase;
			buildActionMask = 2147483647;
			files = (
				37E2C3562BFF9F57005C7A88 /* Preview Assets.xcassets in Resources */,
				37E2C3532BFF9F57005C7A88 /* Assets.xcassets in Resources */,
			);
			runOnlyForDeploymentPostprocessing = 0;
		};
		37E2C3592BFF9F58005C7A88 /* Resources */ = {
			isa = PBXResourcesBuildPhase;
			buildActionMask = 2147483647;
			files = (
			);
			runOnlyForDeploymentPostprocessing = 0;
		};
		37E2C3632BFF9F58005C7A88 /* Resources */ = {
			isa = PBXResourcesBuildPhase;
			buildActionMask = 2147483647;
			files = (
			);
			runOnlyForDeploymentPostprocessing = 0;
		};
/* End PBXResourcesBuildPhase section */

/* Begin PBXSourcesBuildPhase section */
		37E2C3472BFF9F57005C7A88 /* Sources */ = {
			isa = PBXSourcesBuildPhase;
			buildActionMask = 2147483647;
			files = (
				373CBC9D2C00C9F9005D24A2 /* Coordinator.swift in Sources */,
				373CBC9B2C00C8A5005D24A2 /* AppCoordinator.swift in Sources */,
				37E2C3512BFF9F57005C7A88 /* ContentView.swift in Sources */,
				37E2C34F2BFF9F57005C7A88 /* LotteryApp.swift in Sources */,
			);
			runOnlyForDeploymentPostprocessing = 0;
		};
		37E2C3572BFF9F58005C7A88 /* Sources */ = {
			isa = PBXSourcesBuildPhase;
			buildActionMask = 2147483647;
			files = (
				37E2C3602BFF9F58005C7A88 /* LotteryTests.swift in Sources */,
			);
			runOnlyForDeploymentPostprocessing = 0;
		};
		37E2C3612BFF9F58005C7A88 /* Sources */ = {
			isa = PBXSourcesBuildPhase;
			buildActionMask = 2147483647;
			files = (
			);
			runOnlyForDeploymentPostprocessing = 0;
		};
/* End PBXSourcesBuildPhase section */

/* Begin PBXTargetDependency section */
		37E2C35D2BFF9F58005C7A88 /* PBXTargetDependency */ = {
			isa = PBXTargetDependency;
			target = 37E2C34A2BFF9F57005C7A88 /* Lottery */;
			targetProxy = 37E2C35C2BFF9F58005C7A88 /* PBXContainerItemProxy */;
		};
		37E2C3672BFF9F58005C7A88 /* PBXTargetDependency */ = {
			isa = PBXTargetDependency;
			target = 37E2C34A2BFF9F57005C7A88 /* Lottery */;
			targetProxy = 37E2C3662BFF9F58005C7A88 /* PBXContainerItemProxy */;
		};
/* End PBXTargetDependency section */

/* Begin XCBuildConfiguration section */
		37E2C36D2BFF9F58005C7A88 /* Debug */ = {
			isa = XCBuildConfiguration;
			buildSettings = {
				ALWAYS_SEARCH_USER_PATHS = NO;
				ASSETCATALOG_COMPILER_GENERATE_SWIFT_ASSET_SYMBOL_EXTENSIONS = YES;
				CLANG_ANALYZER_NONNULL = YES;
				CLANG_ANALYZER_NUMBER_OBJECT_CONVERSION = YES_AGGRESSIVE;
				CLANG_CXX_LANGUAGE_STANDARD = "gnu++20";
				CLANG_ENABLE_MODULES = YES;
				CLANG_ENABLE_OBJC_ARC = YES;
				CLANG_ENABLE_OBJC_WEAK = YES;
				CLANG_WARN_BLOCK_CAPTURE_AUTORELEASING = YES;
				CLANG_WARN_BOOL_CONVERSION = YES;
				CLANG_WARN_COMMA = YES;
				CLANG_WARN_CONSTANT_CONVERSION = YES;
				CLANG_WARN_DEPRECATED_OBJC_IMPLEMENTATIONS = YES;
				CLANG_WARN_DIRECT_OBJC_ISA_USAGE = YES_ERROR;
				CLANG_WARN_DOCUMENTATION_COMMENTS = YES;
				CLANG_WARN_EMPTY_BODY = YES;
				CLANG_WARN_ENUM_CONVERSION = YES;
				CLANG_WARN_INFINITE_RECURSION = YES;
				CLANG_WARN_INT_CONVERSION = YES;
				CLANG_WARN_NON_LITERAL_NULL_CONVERSION = YES;
				CLANG_WARN_OBJC_IMPLICIT_RETAIN_SELF = YES;
				CLANG_WARN_OBJC_LITERAL_CONVERSION = YES;
				CLANG_WARN_OBJC_ROOT_CLASS = YES_ERROR;
				CLANG_WARN_QUOTED_INCLUDE_IN_FRAMEWORK_HEADER = YES;
				CLANG_WARN_RANGE_LOOP_ANALYSIS = YES;
				CLANG_WARN_STRICT_PROTOTYPES = YES;
				CLANG_WARN_SUSPICIOUS_MOVE = YES;
				CLANG_WARN_UNGUARDED_AVAILABILITY = YES_AGGRESSIVE;
				CLANG_WARN_UNREACHABLE_CODE = YES;
				CLANG_WARN__DUPLICATE_METHOD_MATCH = YES;
				COPY_PHASE_STRIP = NO;
				DEBUG_INFORMATION_FORMAT = dwarf;
				ENABLE_STRICT_OBJC_MSGSEND = YES;
				ENABLE_TESTABILITY = YES;
				ENABLE_USER_SCRIPT_SANDBOXING = YES;
				GCC_C_LANGUAGE_STANDARD = gnu17;
				GCC_DYNAMIC_NO_PIC = NO;
				GCC_NO_COMMON_BLOCKS = YES;
				GCC_OPTIMIZATION_LEVEL = 0;
				GCC_PREPROCESSOR_DEFINITIONS = (
					"DEBUG=1",
					"$(inherited)",
				);
				GCC_WARN_64_TO_32_BIT_CONVERSION = YES;
				GCC_WARN_ABOUT_RETURN_TYPE = YES_ERROR;
				GCC_WARN_UNDECLARED_SELECTOR = YES;
				GCC_WARN_UNINITIALIZED_AUTOS = YES_AGGRESSIVE;
				GCC_WARN_UNUSED_FUNCTION = YES;
				GCC_WARN_UNUSED_VARIABLE = YES;
				IPHONEOS_DEPLOYMENT_TARGET = 17.2;
				LOCALIZATION_PREFERS_STRING_CATALOGS = YES;
				MTL_ENABLE_DEBUG_INFO = INCLUDE_SOURCE;
				MTL_FAST_MATH = YES;
				ONLY_ACTIVE_ARCH = YES;
				SDKROOT = iphoneos;
				SWIFT_ACTIVE_COMPILATION_CONDITIONS = "DEBUG $(inherited)";
				SWIFT_OPTIMIZATION_LEVEL = "-Onone";
			};
			name = Debug;
		};
		37E2C36E2BFF9F58005C7A88 /* Release */ = {
			isa = XCBuildConfiguration;
			buildSettings = {
				ALWAYS_SEARCH_USER_PATHS = NO;
				ASSETCATALOG_COMPILER_GENERATE_SWIFT_ASSET_SYMBOL_EXTENSIONS = YES;
				CLANG_ANALYZER_NONNULL = YES;
				CLANG_ANALYZER_NUMBER_OBJECT_CONVERSION = YES_AGGRESSIVE;
				CLANG_CXX_LANGUAGE_STANDARD = "gnu++20";
				CLANG_ENABLE_MODULES = YES;
				CLANG_ENABLE_OBJC_ARC = YES;
				CLANG_ENABLE_OBJC_WEAK = YES;
				CLANG_WARN_BLOCK_CAPTURE_AUTORELEASING = YES;
				CLANG_WARN_BOOL_CONVERSION = YES;
				CLANG_WARN_COMMA = YES;
				CLANG_WARN_CONSTANT_CONVERSION = YES;
				CLANG_WARN_DEPRECATED_OBJC_IMPLEMENTATIONS = YES;
				CLANG_WARN_DIRECT_OBJC_ISA_USAGE = YES_ERROR;
				CLANG_WARN_DOCUMENTATION_COMMENTS = YES;
				CLANG_WARN_EMPTY_BODY = YES;
				CLANG_WARN_ENUM_CONVERSION = YES;
				CLANG_WARN_INFINITE_RECURSION = YES;
				CLANG_WARN_INT_CONVERSION = YES;
				CLANG_WARN_NON_LITERAL_NULL_CONVERSION = YES;
				CLANG_WARN_OBJC_IMPLICIT_RETAIN_SELF = YES;
				CLANG_WARN_OBJC_LITERAL_CONVERSION = YES;
				CLANG_WARN_OBJC_ROOT_CLASS = YES_ERROR;
				CLANG_WARN_QUOTED_INCLUDE_IN_FRAMEWORK_HEADER = YES;
				CLANG_WARN_RANGE_LOOP_ANALYSIS = YES;
				CLANG_WARN_STRICT_PROTOTYPES = YES;
				CLANG_WARN_SUSPICIOUS_MOVE = YES;
				CLANG_WARN_UNGUARDED_AVAILABILITY = YES_AGGRESSIVE;
				CLANG_WARN_UNREACHABLE_CODE = YES;
				CLANG_WARN__DUPLICATE_METHOD_MATCH = YES;
				COPY_PHASE_STRIP = NO;
				DEBUG_INFORMATION_FORMAT = "dwarf-with-dsym";
				ENABLE_NS_ASSERTIONS = NO;
				ENABLE_STRICT_OBJC_MSGSEND = YES;
				ENABLE_USER_SCRIPT_SANDBOXING = YES;
				GCC_C_LANGUAGE_STANDARD = gnu17;
				GCC_NO_COMMON_BLOCKS = YES;
				GCC_WARN_64_TO_32_BIT_CONVERSION = YES;
				GCC_WARN_ABOUT_RETURN_TYPE = YES_ERROR;
				GCC_WARN_UNDECLARED_SELECTOR = YES;
				GCC_WARN_UNINITIALIZED_AUTOS = YES_AGGRESSIVE;
				GCC_WARN_UNUSED_FUNCTION = YES;
				GCC_WARN_UNUSED_VARIABLE = YES;
				IPHONEOS_DEPLOYMENT_TARGET = 17.2;
				LOCALIZATION_PREFERS_STRING_CATALOGS = YES;
				MTL_ENABLE_DEBUG_INFO = NO;
				MTL_FAST_MATH = YES;
				SDKROOT = iphoneos;
				SWIFT_COMPILATION_MODE = wholemodule;
				VALIDATE_PRODUCT = YES;
			};
			name = Release;
		};
		37E2C3702BFF9F58005C7A88 /* Debug */ = {
			isa = XCBuildConfiguration;
			buildSettings = {
				ASSETCATALOG_COMPILER_APPICON_NAME = AppIcon;
				ASSETCATALOG_COMPILER_GLOBAL_ACCENT_COLOR_NAME = AccentColor;
				CODE_SIGN_STYLE = Automatic;
				CURRENT_PROJECT_VERSION = 1;
				DEVELOPMENT_ASSET_PATHS = "\"Lottery/Preview Content\"";
				ENABLE_PREVIEWS = YES;
				GENERATE_INFOPLIST_FILE = YES;
				INFOPLIST_KEY_UIApplicationSceneManifest_Generation = YES;
				INFOPLIST_KEY_UIApplicationSupportsIndirectInputEvents = YES;
				INFOPLIST_KEY_UILaunchScreen_Generation = YES;
				INFOPLIST_KEY_UISupportedInterfaceOrientations_iPad = "UIInterfaceOrientationPortrait UIInterfaceOrientationPortraitUpsideDown UIInterfaceOrientationLandscapeLeft UIInterfaceOrientationLandscapeRight";
				INFOPLIST_KEY_UISupportedInterfaceOrientations_iPhone = "UIInterfaceOrientationPortrait UIInterfaceOrientationLandscapeLeft UIInterfaceOrientationLandscapeRight";
				LD_RUNPATH_SEARCH_PATHS = (
					"$(inherited)",
					"@executable_path/Frameworks",
				);
				MARKETING_VERSION = 1.0;
				PRODUCT_BUNDLE_IDENTIFIER = mariia.Lottery;
				PRODUCT_NAME = "$(TARGET_NAME)";
				SWIFT_EMIT_LOC_STRINGS = YES;
				SWIFT_VERSION = 5.0;
				TARGETED_DEVICE_FAMILY = "1,2";
			};
			name = Debug;
		};
		37E2C3712BFF9F58005C7A88 /* Release */ = {
			isa = XCBuildConfiguration;
			buildSettings = {
				ASSETCATALOG_COMPILER_APPICON_NAME = AppIcon;
				ASSETCATALOG_COMPILER_GLOBAL_ACCENT_COLOR_NAME = AccentColor;
				CODE_SIGN_STYLE = Automatic;
				CURRENT_PROJECT_VERSION = 1;
				DEVELOPMENT_ASSET_PATHS = "\"Lottery/Preview Content\"";
				ENABLE_PREVIEWS = YES;
				GENERATE_INFOPLIST_FILE = YES;
				INFOPLIST_KEY_UIApplicationSceneManifest_Generation = YES;
				INFOPLIST_KEY_UIApplicationSupportsIndirectInputEvents = YES;
				INFOPLIST_KEY_UILaunchScreen_Generation = YES;
				INFOPLIST_KEY_UISupportedInterfaceOrientations_iPad = "UIInterfaceOrientationPortrait UIInterfaceOrientationPortraitUpsideDown UIInterfaceOrientationLandscapeLeft UIInterfaceOrientationLandscapeRight";
				INFOPLIST_KEY_UISupportedInterfaceOrientations_iPhone = "UIInterfaceOrientationPortrait UIInterfaceOrientationLandscapeLeft UIInterfaceOrientationLandscapeRight";
				LD_RUNPATH_SEARCH_PATHS = (
					"$(inherited)",
					"@executable_path/Frameworks",
				);
				MARKETING_VERSION = 1.0;
				PRODUCT_BUNDLE_IDENTIFIER = mariia.Lottery;
				PRODUCT_NAME = "$(TARGET_NAME)";
				SWIFT_EMIT_LOC_STRINGS = YES;
				SWIFT_VERSION = 5.0;
				TARGETED_DEVICE_FAMILY = "1,2";
			};
			name = Release;
		};
		37E2C3732BFF9F58005C7A88 /* Debug */ = {
			isa = XCBuildConfiguration;
			buildSettings = {
				ALWAYS_EMBED_SWIFT_STANDARD_LIBRARIES = YES;
				BUNDLE_LOADER = "$(TEST_HOST)";
				CODE_SIGN_STYLE = Automatic;
				CURRENT_PROJECT_VERSION = 1;
				GENERATE_INFOPLIST_FILE = YES;
				IPHONEOS_DEPLOYMENT_TARGET = 17.2;
				MARKETING_VERSION = 1.0;
				PRODUCT_BUNDLE_IDENTIFIER = mariia.LotteryTests;
				PRODUCT_NAME = "$(TARGET_NAME)";
				SWIFT_EMIT_LOC_STRINGS = NO;
				SWIFT_VERSION = 5.0;
				TARGETED_DEVICE_FAMILY = "1,2";
				TEST_HOST = "$(BUILT_PRODUCTS_DIR)/Lottery.app/$(BUNDLE_EXECUTABLE_FOLDER_PATH)/Lottery";
			};
			name = Debug;
		};
		37E2C3742BFF9F58005C7A88 /* Release */ = {
			isa = XCBuildConfiguration;
			buildSettings = {
				ALWAYS_EMBED_SWIFT_STANDARD_LIBRARIES = YES;
				BUNDLE_LOADER = "$(TEST_HOST)";
				CODE_SIGN_STYLE = Automatic;
				CURRENT_PROJECT_VERSION = 1;
				GENERATE_INFOPLIST_FILE = YES;
				IPHONEOS_DEPLOYMENT_TARGET = 17.2;
				MARKETING_VERSION = 1.0;
				PRODUCT_BUNDLE_IDENTIFIER = mariia.LotteryTests;
				PRODUCT_NAME = "$(TARGET_NAME)";
				SWIFT_EMIT_LOC_STRINGS = NO;
				SWIFT_VERSION = 5.0;
				TARGETED_DEVICE_FAMILY = "1,2";
				TEST_HOST = "$(BUILT_PRODUCTS_DIR)/Lottery.app/$(BUNDLE_EXECUTABLE_FOLDER_PATH)/Lottery";
			};
			name = Release;
		};
		37E2C3762BFF9F58005C7A88 /* Debug */ = {
			isa = XCBuildConfiguration;
			buildSettings = {
				ALWAYS_EMBED_SWIFT_STANDARD_LIBRARIES = YES;
				CODE_SIGN_STYLE = Automatic;
				CURRENT_PROJECT_VERSION = 1;
				GENERATE_INFOPLIST_FILE = YES;
				MARKETING_VERSION = 1.0;
				PRODUCT_BUNDLE_IDENTIFIER = mariia.LotteryUITests;
				PRODUCT_NAME = "$(TARGET_NAME)";
				SWIFT_EMIT_LOC_STRINGS = NO;
				SWIFT_VERSION = 5.0;
				TARGETED_DEVICE_FAMILY = "1,2";
				TEST_TARGET_NAME = Lottery;
			};
			name = Debug;
		};
		37E2C3772BFF9F58005C7A88 /* Release */ = {
			isa = XCBuildConfiguration;
			buildSettings = {
				ALWAYS_EMBED_SWIFT_STANDARD_LIBRARIES = YES;
				CODE_SIGN_STYLE = Automatic;
				CURRENT_PROJECT_VERSION = 1;
				GENERATE_INFOPLIST_FILE = YES;
				MARKETING_VERSION = 1.0;
				PRODUCT_BUNDLE_IDENTIFIER = mariia.LotteryUITests;
				PRODUCT_NAME = "$(TARGET_NAME)";
				SWIFT_EMIT_LOC_STRINGS = NO;
				SWIFT_VERSION = 5.0;
				TARGETED_DEVICE_FAMILY = "1,2";
				TEST_TARGET_NAME = Lottery;
			};
			name = Release;
		};
/* End XCBuildConfiguration section */

/* Begin XCConfigurationList section */
		37E2C3462BFF9F57005C7A88 /* Build configuration list for PBXProject "Lottery" */ = {
			isa = XCConfigurationList;
			buildConfigurations = (
				37E2C36D2BFF9F58005C7A88 /* Debug */,
				37E2C36E2BFF9F58005C7A88 /* Release */,
			);
			defaultConfigurationIsVisible = 0;
			defaultConfigurationName = Release;
		};
		37E2C36F2BFF9F58005C7A88 /* Build configuration list for PBXNativeTarget "Lottery" */ = {
			isa = XCConfigurationList;
			buildConfigurations = (
				37E2C3702BFF9F58005C7A88 /* Debug */,
				37E2C3712BFF9F58005C7A88 /* Release */,
			);
			defaultConfigurationIsVisible = 0;
			defaultConfigurationName = Release;
		};
		37E2C3722BFF9F58005C7A88 /* Build configuration list for PBXNativeTarget "LotteryTests" */ = {
			isa = XCConfigurationList;
			buildConfigurations = (
				37E2C3732BFF9F58005C7A88 /* Debug */,
				37E2C3742BFF9F58005C7A88 /* Release */,
			);
			defaultConfigurationIsVisible = 0;
			defaultConfigurationName = Release;
		};
		37E2C3752BFF9F58005C7A88 /* Build configuration list for PBXNativeTarget "LotteryUITests" */ = {
			isa = XCConfigurationList;
			buildConfigurations = (
				37E2C3762BFF9F58005C7A88 /* Debug */,
				37E2C3772BFF9F58005C7A88 /* Release */,
			);
			defaultConfigurationIsVisible = 0;
			defaultConfigurationName = Release;
		};
/* End XCConfigurationList section */

/* Begin XCSwiftPackageProductDependency section */
		373C5D082C00C40C0084DAA4 /* JSONService */ = {
			isa = XCSwiftPackageProductDependency;
			productName = JSONService;
		};
		373C5D0A2C00C4100084DAA4 /* LotteriesDomain */ = {
			isa = XCSwiftPackageProductDependency;
			productName = LotteriesDomain;
		};
/* End XCSwiftPackageProductDependency section */
	};
	rootObject = 37E2C3432BFF9F57005C7A88 /* Project object */;
}
